
Microsoft Visual Studio Solution File, Format Version 12.00
# Visual Studio Version 17
VisualStudioVersion = 17.9.34701.34
MinimumVisualStudioVersion = 10.0.40219.1
Project("{FAE04EC0-301F-11D3-BF4B-00C04F79EFBC}") = "ForeignExchangeRates.Api", "ForeignExchangeRates\ForeignExchangeRates.Api.csproj", "{90ED3352-F67D-48FA-AC0E-4FD90FD3F7E3}"
EndProject
Project("{2150E333-8FDC-42A3-9474-1A3956D46DE8}") = "1 - Presentation", "1 - Presentation", "{CB9C525C-3579-4E00-B73F-514CB75853BC}"
EndProject
Project("{2150E333-8FDC-42A3-9474-1A3956D46DE8}") = "2 - Application", "2 - Application", "{EB62A98F-FF77-41CC-93BF-D58268768E36}"
EndProject
Project("{2150E333-8FDC-42A3-9474-1A3956D46DE8}") = "3 - Data", "3 - Data", "{BD2D7C18-27FA-437B-8A1B-CEA850A9CDD9}"
EndProject
Project("{2150E333-8FDC-42A3-9474-1A3956D46DE8}") = "4 - CrossInfrastructure", "4 - CrossInfrastructure", "{7FD88F6D-EE89-44CA-B7AE-DFEF565AF4A8}"
EndProject
Project("{2150E333-8FDC-42A3-9474-1A3956D46DE8}") = "2.1 - Application.Services", "2.1 - Application.Services", "{BD615B46-E40B-4A05-9EAE-A6EF9757E5A3}"
EndProject
Project("{2150E333-8FDC-42A3-9474-1A3956D46DE8}") = "2.2 - Application.Gateways", "2.2 - Application.Gateways", "{D57DD67B-5A50-4037-B008-5000B7BB6996}"
EndProject
Project("{FAE04EC0-301F-11D3-BF4B-00C04F79EFBC}") = "Application.Domain", "Domain\Application.Domain.csproj", "{576A460C-FCE0-477D-ABAA-7F82BF8B9C2E}"
EndProject
Project("{FAE04EC0-301F-11D3-BF4B-00C04F79EFBC}") = "Application.Services", "Application.Services\Application.Services.csproj", "{D0401AC9-5A58-481B-847A-2DF12DF1C59A}"
EndProject
Project("{FAE04EC0-301F-11D3-BF4B-00C04F79EFBC}") = "Application.Gateways", "Application.Gateways\Application.Gateways.csproj", "{C1F4678A-CACF-4416-BAF7-0DE60A0BDF21}"
EndProject
Project("{FAE04EC0-301F-11D3-BF4B-00C04F79EFBC}") = "Data", "Data\Data.csproj", "{262FC2A9-9E99-4155-AB6F-A09D672CB4E1}"
EndProject
Project("{2150E333-8FDC-42A3-9474-1A3956D46DE8}") = "2.3 - Application.Domain", "2.3 - Application.Domain", "{445DA3BC-378B-4FA2-B8F7-15C97A7B553F}"
EndProject
Project("{FAE04EC0-301F-11D3-BF4B-00C04F79EFBC}") = "Data.Repository", "Data.Repository\Data.Repository.csproj", "{D216B002-A083-4CDB-A2A9-9F6E7EB25F21}"
EndProject
Project("{FAE04EC0-301F-11D3-BF4B-00C04F79EFBC}") = "CrossInfrastructure", "CrossInfrastructure\CrossInfrastructure.csproj", "{18D4BC9A-1000-4888-BC37-4A24E50842C6}"
EndProject
Global
	GlobalSection(SolutionConfigurationPlatforms) = preSolution
		Debug|Any CPU = Debug|Any CPU
		Release|Any CPU = Release|Any CPU
	EndGlobalSection
	GlobalSection(ProjectConfigurationPlatforms) = postSolution
		{90ED3352-F67D-48FA-AC0E-4FD90FD3F7E3}.Debug|Any CPU.ActiveCfg = Debug|Any CPU
		{90ED3352-F67D-48FA-AC0E-4FD90FD3F7E3}.Debug|Any CPU.Build.0 = Debug|Any CPU
		{90ED3352-F67D-48FA-AC0E-4FD90FD3F7E3}.Release|Any CPU.ActiveCfg = Release|Any CPU
		{90ED3352-F67D-48FA-AC0E-4FD90FD3F7E3}.Release|Any CPU.Build.0 = Release|Any CPU
		{576A460C-FCE0-477D-ABAA-7F82BF8B9C2E}.Debug|Any CPU.ActiveCfg = Debug|Any CPU
		{576A460C-FCE0-477D-ABAA-7F82BF8B9C2E}.Debug|Any CPU.Build.0 = Debug|Any CPU
		{576A460C-FCE0-477D-ABAA-7F82BF8B9C2E}.Release|Any CPU.ActiveCfg = Release|Any CPU
		{576A460C-FCE0-477D-ABAA-7F82BF8B9C2E}.Release|Any CPU.Build.0 = Release|Any CPU
		{D0401AC9-5A58-481B-847A-2DF12DF1C59A}.Debug|Any CPU.ActiveCfg = Debug|Any CPU
		{D0401AC9-5A58-481B-847A-2DF12DF1C59A}.Debug|Any CPU.Build.0 = Debug|Any CPU
		{D0401AC9-5A58-481B-847A-2DF12DF1C59A}.Release|Any CPU.ActiveCfg = Release|Any CPU
		{D0401AC9-5A58-481B-847A-2DF12DF1C59A}.Release|Any CPU.Build.0 = Release|Any CPU
		{C1F4678A-CACF-4416-BAF7-0DE60A0BDF21}.Debug|Any CPU.ActiveCfg = Debug|Any CPU
		{C1F4678A-CACF-4416-BAF7-0DE60A0BDF21}.Debug|Any CPU.Build.0 = Debug|Any CPU
		{C1F4678A-CACF-4416-BAF7-0DE60A0BDF21}.Release|Any CPU.ActiveCfg = Release|Any CPU
		{C1F4678A-CACF-4416-BAF7-0DE60A0BDF21}.Release|Any CPU.Build.0 = Release|Any CPU
		{262FC2A9-9E99-4155-AB6F-A09D672CB4E1}.Debug|Any CPU.ActiveCfg = Debug|Any CPU
		{262FC2A9-9E99-4155-AB6F-A09D672CB4E1}.Debug|Any CPU.Build.0 = Debug|Any CPU
		{262FC2A9-9E99-4155-AB6F-A09D672CB4E1}.Release|Any CPU.ActiveCfg = Release|Any CPU
		{262FC2A9-9E99-4155-AB6F-A09D672CB4E1}.Release|Any CPU.Build.0 = Release|Any CPU
		{D216B002-A083-4CDB-A2A9-9F6E7EB25F21}.Debug|Any CPU.ActiveCfg = Debug|Any CPU
		{D216B002-A083-4CDB-A2A9-9F6E7EB25F21}.Debug|Any CPU.Build.0 = Debug|Any CPU
		{D216B002-A083-4CDB-A2A9-9F6E7EB25F21}.Release|Any CPU.ActiveCfg = Release|Any CPU
		{D216B002-A083-4CDB-A2A9-9F6E7EB25F21}.Release|Any CPU.Build.0 = Release|Any CPU
		{18D4BC9A-1000-4888-BC37-4A24E50842C6}.Debug|Any CPU.ActiveCfg = Debug|Any CPU
		{18D4BC9A-1000-4888-BC37-4A24E50842C6}.Debug|Any CPU.Build.0 = Debug|Any CPU
		{18D4BC9A-1000-4888-BC37-4A24E50842C6}.Release|Any CPU.ActiveCfg = Release|Any CPU
		{18D4BC9A-1000-4888-BC37-4A24E50842C6}.Release|Any CPU.Build.0 = Release|Any CPU
	EndGlobalSection
	GlobalSection(SolutionProperties) = preSolution
		HideSolutionNode = FALSE
	EndGlobalSection
	GlobalSection(NestedProjects) = preSolution
		{90ED3352-F67D-48FA-AC0E-4FD90FD3F7E3} = {CB9C525C-3579-4E00-B73F-514CB75853BC}
		{BD615B46-E40B-4A05-9EAE-A6EF9757E5A3} = {EB62A98F-FF77-41CC-93BF-D58268768E36}
		{D57DD67B-5A50-4037-B008-5000B7BB6996} = {EB62A98F-FF77-41CC-93BF-D58268768E36}
		{576A460C-FCE0-477D-ABAA-7F82BF8B9C2E} = {445DA3BC-378B-4FA2-B8F7-15C97A7B553F}
		{D0401AC9-5A58-481B-847A-2DF12DF1C59A} = {BD615B46-E40B-4A05-9EAE-A6EF9757E5A3}
		{C1F4678A-CACF-4416-BAF7-0DE60A0BDF21} = {D57DD67B-5A50-4037-B008-5000B7BB6996}
		{262FC2A9-9E99-4155-AB6F-A09D672CB4E1} = {BD2D7C18-27FA-437B-8A1B-CEA850A9CDD9}
		{445DA3BC-378B-4FA2-B8F7-15C97A7B553F} = {EB62A98F-FF77-41CC-93BF-D58268768E36}
		{D216B002-A083-4CDB-A2A9-9F6E7EB25F21} = {BD2D7C18-27FA-437B-8A1B-CEA850A9CDD9}
		{18D4BC9A-1000-4888-BC37-4A24E50842C6} = {7FD88F6D-EE89-44CA-B7AE-DFEF565AF4A8}
	EndGlobalSection
	GlobalSection(ExtensibilityGlobals) = postSolution
		SolutionGuid = {737D7CB0-105C-4F1B-882A-744F0638BB76}
	EndGlobalSection
EndGlobal
